dependencies:
  idf:
    component_hash: null
    source:
      type: idf
    version: 4.4.5
  lvgl/lvgl:
    component_hash: a0525d74dd85092059565b91030daf539a76cce82386972ffebbde67016eb730
    source:
      service_url: https://api.components.espressif.com/
      type: service
    version: 8.3.9
manifest_hash: d92f0039f68b17602486b034c5e817cfd435e47682a02c29a52ad5128c330383
target: esp32
version: 1.0.0
